
Microsoft Visual Studio Solution File, Format Version 12.00
# Visual Studio 15
VisualStudioVersion = 15.0.26124.0
MinimumVisualStudioVersion = 15.0.26124.0
Project("{FAE04EC0-301F-11D3-BF4B-00C04F79EFBC}") = "TicTacToe.Server", "TicTacToe.Server\TicTacToe.Server.csproj", "{6E83E87B-2AB5-4871-A83C-23D69C5C4CF8}"
EndProject
Project("{FAE04EC0-301F-11D3-BF4B-00C04F79EFBC}") = "TicTacToe.Tests", "TicTacToe.Tests\TicTacToe.Tests.csproj", "{F4964A68-3F49-4C78-97F5-554FB3B46FCD}"
EndProject
Project("{FAE04EC0-301F-11D3-BF4B-00C04F79EFBC}") = "TicTacToe.Common", "TicTacToe.Common\TicTacToe.Common.csproj", "{90AF9482-81B3-4E35-8940-0ABD255DF2F5}"
EndProject
Project("{FAE04EC0-301F-11D3-BF4B-00C04F79EFBC}") = "TicTacToe.Resolver", "TicTacToe.Resolver\TicTacToe.Resolver.csproj", "{9E1786CC-FF30-4922-9D34-D172B27D1D68}"
EndProject
Global
	GlobalSection(SolutionConfigurationPlatforms) = preSolution
		Debug|Any CPU = Debug|Any CPU
		Debug|x64 = Debug|x64
		Debug|x86 = Debug|x86
		Release|Any CPU = Release|Any CPU
		Release|x64 = Release|x64
		Release|x86 = Release|x86
	EndGlobalSection
	GlobalSection(SolutionProperties) = preSolution
		HideSolutionNode = FALSE
	EndGlobalSection
	GlobalSection(ProjectConfigurationPlatforms) = postSolution
		{6E83E87B-2AB5-4871-A83C-23D69C5C4CF8}.Debug|Any CPU.ActiveCfg = Debug|Any CPU
		{6E83E87B-2AB5-4871-A83C-23D69C5C4CF8}.Debug|Any CPU.Build.0 = Debug|Any CPU
		{6E83E87B-2AB5-4871-A83C-23D69C5C4CF8}.Debug|x64.ActiveCfg = Debug|Any CPU
		{6E83E87B-2AB5-4871-A83C-23D69C5C4CF8}.Debug|x64.Build.0 = Debug|Any CPU
		{6E83E87B-2AB5-4871-A83C-23D69C5C4CF8}.Debug|x86.ActiveCfg = Debug|Any CPU
		{6E83E87B-2AB5-4871-A83C-23D69C5C4CF8}.Debug|x86.Build.0 = Debug|Any CPU
		{6E83E87B-2AB5-4871-A83C-23D69C5C4CF8}.Release|Any CPU.ActiveCfg = Release|Any CPU
		{6E83E87B-2AB5-4871-A83C-23D69C5C4CF8}.Release|Any CPU.Build.0 = Release|Any CPU
		{6E83E87B-2AB5-4871-A83C-23D69C5C4CF8}.Release|x64.ActiveCfg = Release|Any CPU
		{6E83E87B-2AB5-4871-A83C-23D69C5C4CF8}.Release|x64.Build.0 = Release|Any CPU
		{6E83E87B-2AB5-4871-A83C-23D69C5C4CF8}.Release|x86.ActiveCfg = Release|Any CPU
		{6E83E87B-2AB5-4871-A83C-23D69C5C4CF8}.Release|x86.Build.0 = Release|Any CPU
		{F4964A68-3F49-4C78-97F5-554FB3B46FCD}.Debug|Any CPU.ActiveCfg = Debug|Any CPU
		{F4964A68-3F49-4C78-97F5-554FB3B46FCD}.Debug|Any CPU.Build.0 = Debug|Any CPU
		{F4964A68-3F49-4C78-97F5-554FB3B46FCD}.Debug|x64.ActiveCfg = Debug|Any CPU
		{F4964A68-3F49-4C78-97F5-554FB3B46FCD}.Debug|x64.Build.0 = Debug|Any CPU
		{F4964A68-3F49-4C78-97F5-554FB3B46FCD}.Debug|x86.ActiveCfg = Debug|Any CPU
		{F4964A68-3F49-4C78-97F5-554FB3B46FCD}.Debug|x86.Build.0 = Debug|Any CPU
		{F4964A68-3F49-4C78-97F5-554FB3B46FCD}.Release|Any CPU.ActiveCfg = Release|Any CPU
		{F4964A68-3F49-4C78-97F5-554FB3B46FCD}.Release|Any CPU.Build.0 = Release|Any CPU
		{F4964A68-3F49-4C78-97F5-554FB3B46FCD}.Release|x64.ActiveCfg = Release|Any CPU
		{F4964A68-3F49-4C78-97F5-554FB3B46FCD}.Release|x64.Build.0 = Release|Any CPU
		{F4964A68-3F49-4C78-97F5-554FB3B46FCD}.Release|x86.ActiveCfg = Release|Any CPU
		{F4964A68-3F49-4C78-97F5-554FB3B46FCD}.Release|x86.Build.0 = Release|Any CPU
		{90AF9482-81B3-4E35-8940-0ABD255DF2F5}.Debug|Any CPU.ActiveCfg = Debug|Any CPU
		{90AF9482-81B3-4E35-8940-0ABD255DF2F5}.Debug|Any CPU.Build.0 = Debug|Any CPU
		{90AF9482-81B3-4E35-8940-0ABD255DF2F5}.Debug|x64.ActiveCfg = Debug|Any CPU
		{90AF9482-81B3-4E35-8940-0ABD255DF2F5}.Debug|x64.Build.0 = Debug|Any CPU
		{90AF9482-81B3-4E35-8940-0ABD255DF2F5}.Debug|x86.ActiveCfg = Debug|Any CPU
		{90AF9482-81B3-4E35-8940-0ABD255DF2F5}.Debug|x86.Build.0 = Debug|Any CPU
		{90AF9482-81B3-4E35-8940-0ABD255DF2F5}.Release|Any CPU.ActiveCfg = Release|Any CPU
		{90AF9482-81B3-4E35-8940-0ABD255DF2F5}.Release|Any CPU.Build.0 = Release|Any CPU
		{90AF9482-81B3-4E35-8940-0ABD255DF2F5}.Release|x64.ActiveCfg = Release|Any CPU
		{90AF9482-81B3-4E35-8940-0ABD255DF2F5}.Release|x64.Build.0 = Release|Any CPU
		{90AF9482-81B3-4E35-8940-0ABD255DF2F5}.Release|x86.ActiveCfg = Release|Any CPU
		{90AF9482-81B3-4E35-8940-0ABD255DF2F5}.Release|x86.Build.0 = Release|Any CPU
		{9E1786CC-FF30-4922-9D34-D172B27D1D68}.Debug|Any CPU.ActiveCfg = Debug|Any CPU
		{9E1786CC-FF30-4922-9D34-D172B27D1D68}.Debug|Any CPU.Build.0 = Debug|Any CPU
		{9E1786CC-FF30-4922-9D34-D172B27D1D68}.Debug|x64.ActiveCfg = Debug|Any CPU
		{9E1786CC-FF30-4922-9D34-D172B27D1D68}.Debug|x64.Build.0 = Debug|Any CPU
		{9E1786CC-FF30-4922-9D34-D172B27D1D68}.Debug|x86.ActiveCfg = Debug|Any CPU
		{9E1786CC-FF30-4922-9D34-D172B27D1D68}.Debug|x86.Build.0 = Debug|Any CPU
		{9E1786CC-FF30-4922-9D34-D172B27D1D68}.Release|Any CPU.ActiveCfg = Release|Any CPU
		{9E1786CC-FF30-4922-9D34-D172B27D1D68}.Release|Any CPU.Build.0 = Release|Any CPU
		{9E1786CC-FF30-4922-9D34-D172B27D1D68}.Release|x64.ActiveCfg = Release|Any CPU
		{9E1786CC-FF30-4922-9D34-D172B27D1D68}.Release|x64.Build.0 = Release|Any CPU
		{9E1786CC-FF30-4922-9D34-D172B27D1D68}.Release|x86.ActiveCfg = Release|Any CPU
		{9E1786CC-FF30-4922-9D34-D172B27D1D68}.Release|x86.Build.0 = Release|Any CPU
	EndGlobalSection
EndGlobal
